
Microsoft Visual Studio Solution File, Format Version 12.00
# Visual Studio 15
VisualStudioVersion = 15.0.26403.7
MinimumVisualStudioVersion = 10.0.40219.1
Project("{FAE04EC0-301F-11D3-BF4B-00C04F79EFBC}") = "CsvToXml", "CsvToXml\CsvToXml.csproj", "{7FBE6B13-46B7-4473-8692-44580E5CD83D}"
EndProject
Global
	GlobalSection(SolutionConfigurationPlatforms) = preSolution
		Debug|Any CPU = Debug|Any CPU
		Release|Any CPU = Release|Any CPU
	EndGlobalSection
	GlobalSection(ProjectConfigurationPlatforms) = postSolution
		{7FBE6B13-46B7-4473-8692-44580E5CD83D}.Debug|Any CPU.ActiveCfg = Debug|Any CPU
		{7FBE6B13-46B7-4473-8692-44580E5CD83D}.Debug|Any CPU.Build.0 = Debug|Any CPU
		{7FBE6B13-46B7-4473-8692-44580E5CD83D}.Release|Any CPU.ActiveCfg = Release|Any CPU
		{7FBE6B13-46B7-4473-8692-44580E5CD83D}.Release|Any CPU.Build.0 = Release|Any CPU
	EndGlobalSection
	GlobalSection(SolutionProperties) = preSolution
		HideSolutionNode = FALSE
	EndGlobalSection
EndGlobal
